// !$*UTF8*$!
{
	archiveVersion = 1;
	classes = {
	};
	objectVersion = 50;
	objects = {

/* Begin PBXBuildFile section */
		4D1FBB9626E0A1F000EB1864 /* Launch Screen.storyboard in Resources */ = {isa = PBXBuildFile; fileRef = 4D1FBB9526E0A1F000EB1864 /* Launch Screen.storyboard */; };
		4D1FBB9826E0A6CA00EB1864 /* LogoView.swift in Sources */ = {isa = PBXBuildFile; fileRef = 4D1FBB9726E0A6CA00EB1864 /* LogoView.swift */; };
		4D1FBB9A26E0A70400EB1864 /* Modifiers.swift in Sources */ = {isa = PBXBuildFile; fileRef = 4D1FBB9926E0A70400EB1864 /* Modifiers.swift */; };
		4D1FBB9C26E0A99500EB1864 /* Extension.swift in Sources */ = {isa = PBXBuildFile; fileRef = 4D1FBB9B26E0A99500EB1864 /* Extension.swift */; };
		4D1FBB9E26E0B41400EB1864 /* ReelView.swift in Sources */ = {isa = PBXBuildFile; fileRef = 4D1FBB9D26E0B41400EB1864 /* ReelView.swift */; };
		4D1FBBA026E0BAE100EB1864 /* InfoView.swift in Sources */ = {isa = PBXBuildFile; fileRef = 4D1FBB9F26E0BAE100EB1864 /* InfoView.swift */; };
		4DD051AF26DE1352006C0FA1 /* Slot_MachineApp.swift in Sources */ = {isa = PBXBuildFile; fileRef = 4DD051AE26DE1352006C0FA1 /* Slot_MachineApp.swift */; };
		4DD051B126DE1352006C0FA1 /* ContentView.swift in Sources */ = {isa = PBXBuildFile; fileRef = 4DD051B026DE1352006C0FA1 /* ContentView.swift */; };
		4DD051B326DE1355006C0FA1 /* Assets.xcassets in Resources */ = {isa = PBXBuildFile; fileRef = 4DD051B226DE1355006C0FA1 /* Assets.xcassets */; };
		4DD051B626DE1355006C0FA1 /* Preview Assets.xcassets in Resources */ = {isa = PBXBuildFile; fileRef = 4DD051B526DE1355006C0FA1 /* Preview Assets.xcassets */; };
		4DD051C726DE1FC6006C0FA1 /* chimeup.mp3 in Resources */ = {isa = PBXBuildFile; fileRef = 4DD051BF26DE1FC5006C0FA1 /* chimeup.mp3 */; };
		4DD051C826DE1FC6006C0FA1 /* casino-chips.mp3 in Resources */ = {isa = PBXBuildFile; fileRef = 4DD051C026DE1FC6006C0FA1 /* casino-chips.mp3 */; };
		4DD051C926DE1FC6006C0FA1 /* riseup.mp3 in Resources */ = {isa = PBXBuildFile; fileRef = 4DD051C126DE1FC6006C0FA1 /* riseup.mp3 */; };
		4DD051CA26DE1FC6006C0FA1 /* win.mp3 in Resources */ = {isa = PBXBuildFile; fileRef = 4DD051C226DE1FC6006C0FA1 /* win.mp3 */; };
		4DD051CB26DE1FC6006C0FA1 /* spin.mp3 in Resources */ = {isa = PBXBuildFile; fileRef = 4DD051C326DE1FC6006C0FA1 /* spin.mp3 */; };
		4DD051CC26DE1FC6006C0FA1 /* background-music.mp3 in Resources */ = {isa = PBXBuildFile; fileRef = 4DD051C426DE1FC6006C0FA1 /* background-music.mp3 */; };
		4DD051CD26DE1FC6006C0FA1 /* high-score.mp3 in Resources */ = {isa = PBXBuildFile; fileRef = 4DD051C526DE1FC6006C0FA1 /* high-score.mp3 */; };
		4DD051CE26DE1FC6006C0FA1 /* game-over.mp3 in Resources */ = {isa = PBXBuildFile; fileRef = 4DD051C626DE1FC6006C0FA1 /* game-over.mp3 */; };
/* End PBXBuildFile section */

/* Begin PBXFileReference section */
		4D1FBB9526E0A1F000EB1864 /* Launch Screen.storyboard */ = {isa = PBXFileReference; lastKnownFileType = file.storyboard; path = "Launch Screen.storyboard"; sourceTree = "<group>"; };
		4D1FBB9726E0A6CA00EB1864 /* LogoView.swift */ = {isa = PBXFileReference; lastKnownFileType = sourcecode.swift; path = LogoView.swift; sourceTree = "<group>"; };
		4D1FBB9926E0A70400EB1864 /* Modifiers.swift */ = {isa = PBXFileReference; lastKnownFileType = sourcecode.swift; path = Modifiers.swift; sourceTree = "<group>"; };
		4D1FBB9B26E0A99500EB1864 /* Extension.swift */ = {isa = PBXFileReference; lastKnownFileType = sourcecode.swift; path = Extension.swift; sourceTree = "<group>"; };
		4D1FBB9D26E0B41400EB1864 /* ReelView.swift */ = {isa = PBXFileReference; lastKnownFileType = sourcecode.swift; path = ReelView.swift; sourceTree = "<group>"; };
		4D1FBB9F26E0BAE100EB1864 /* InfoView.swift */ = {isa = PBXFileReference; lastKnownFileType = sourcecode.swift; path = InfoView.swift; sourceTree = "<group>"; };
		4DD051AB26DE1352006C0FA1 /* Slot Machine.app */ = {isa = PBXFileReference; explicitFileType = wrapper.application; includeInIndex = 0; path = "Slot Machine.app"; sourceTree = BUILT_PRODUCTS_DIR; };
		4DD051AE26DE1352006C0FA1 /* Slot_MachineApp.swift */ = {isa = PBXFileReference; lastKnownFileType = sourcecode.swift; path = Slot_MachineApp.swift; sourceTree = "<group>"; };
		4DD051B026DE1352006C0FA1 /* ContentView.swift */ = {isa = PBXFileReference; lastKnownFileType = sourcecode.swift; path = ContentView.swift; sourceTree = "<group>"; };
		4DD051B226DE1355006C0FA1 /* Assets.xcassets */ = {isa = PBXFileReference; lastKnownFileType = folder.assetcatalog; path = Assets.xcassets; sourceTree = "<group>"; };
		4DD051B526DE1355006C0FA1 /* Preview Assets.xcassets */ = {isa = PBXFileReference; lastKnownFileType = folder.assetcatalog; path = "Preview Assets.xcassets"; sourceTree = "<group>"; };
		4DD051B726DE1355006C0FA1 /* Info.plist */ = {isa = PBXFileReference; lastKnownFileType = text.plist.xml; path = Info.plist; sourceTree = "<group>"; };
		4DD051BF26DE1FC5006C0FA1 /* chimeup.mp3 */ = {isa = PBXFileReference; lastKnownFileType = audio.mp3; path = chimeup.mp3; sourceTree = "<group>"; };
		4DD051C026DE1FC6006C0FA1 /* casino-chips.mp3 */ = {isa = PBXFileReference; lastKnownFileType = audio.mp3; path = "casino-chips.mp3"; sourceTree = "<group>"; };
		4DD051C126DE1FC6006C0FA1 /* riseup.mp3 */ = {isa = PBXFileReference; lastKnownFileType = audio.mp3; path = riseup.mp3; sourceTree = "<group>"; };
		4DD051C226DE1FC6006C0FA1 /* win.mp3 */ = {isa = PBXFileReference; lastKnownFileType = audio.mp3; path = win.mp3; sourceTree = "<group>"; };
		4DD051C326DE1FC6006C0FA1 /* spin.mp3 */ = {isa = PBXFileReference; lastKnownFileType = audio.mp3; path = spin.mp3; sourceTree = "<group>"; };
		4DD051C426DE1FC6006C0FA1 /* background-music.mp3 */ = {isa = PBXFileReference; lastKnownFileType = audio.mp3; path = "background-music.mp3"; sourceTree = "<group>"; };
		4DD051C526DE1FC6006C0FA1 /* high-score.mp3 */ = {isa = PBXFileReference; lastKnownFileType = audio.mp3; path = "high-score.mp3"; sourceTree = "<group>"; };
		4DD051C626DE1FC6006C0FA1 /* game-over.mp3 */ = {isa = PBXFileReference; lastKnownFileType = audio.mp3; path = "game-over.mp3"; sourceTree = "<group>"; };
/* End PBXFileReference section */

/* Begin PBXFrameworksBuildPhase section */
		4DD051A826DE1352006C0FA1 /* Frameworks */ = {
			isa = PBXFrameworksBuildPhase;
			buildActionMask = 2147483647;
			files = (
			);
			runOnlyForDeploymentPostprocessing = 0;
		};
/* End PBXFrameworksBuildPhase section */

/* Begin PBXGroup section */
		4DD051A226DE1352006C0FA1 = {
			isa = PBXGroup;
			children = (
				4DD051AD26DE1352006C0FA1 /* Slot Machine */,
				4DD051AC26DE1352006C0FA1 /* Products */,
			);
			sourceTree = "<group>";
		};
		4DD051AC26DE1352006C0FA1 /* Products */ = {
			isa = PBXGroup;
			children = (
				4DD051AB26DE1352006C0FA1 /* Slot Machine.app */,
			);
			name = Products;
			sourceTree = "<group>";
		};
		4DD051AD26DE1352006C0FA1 /* Slot Machine */ = {
			isa = PBXGroup;
			children = (
				4DD051AE26DE1352006C0FA1 /* Slot_MachineApp.swift */,
				4DD051D126DE1FF7006C0FA1 /* Helpers */,
				4DD051D026DE1FEA006C0FA1 /* Views */,
				4DD051CF26DE1FCF006C0FA1 /* Sound */,
				4DD051B226DE1355006C0FA1 /* Assets.xcassets */,
				4D1FBB9526E0A1F000EB1864 /* Launch Screen.storyboard */,
				4DD051B726DE1355006C0FA1 /* Info.plist */,
				4DD051B426DE1355006C0FA1 /* Preview Content */,
			);
			path = "Slot Machine";
			sourceTree = "<group>";
		};
		4DD051B426DE1355006C0FA1 /* Preview Content */ = {
			isa = PBXGroup;
			children = (
				4DD051B526DE1355006C0FA1 /* Preview Assets.xcassets */,
			);
			path = "Preview Content";
			sourceTree = "<group>";
		};
		4DD051CF26DE1FCF006C0FA1 /* Sound */ = {
			isa = PBXGroup;
			children = (
				4DD051C426DE1FC6006C0FA1 /* background-music.mp3 */,
				4DD051C026DE1FC6006C0FA1 /* casino-chips.mp3 */,
				4DD051BF26DE1FC5006C0FA1 /* chimeup.mp3 */,
				4DD051C626DE1FC6006C0FA1 /* game-over.mp3 */,
				4DD051C526DE1FC6006C0FA1 /* high-score.mp3 */,
				4DD051C126DE1FC6006C0FA1 /* riseup.mp3 */,
				4DD051C326DE1FC6006C0FA1 /* spin.mp3 */,
				4DD051C226DE1FC6006C0FA1 /* win.mp3 */,
			);
			path = Sound;
			sourceTree = "<group>";
		};
		4DD051D026DE1FEA006C0FA1 /* Views */ = {
			isa = PBXGroup;
			children = (
				4DD051B026DE1352006C0FA1 /* ContentView.swift */,
				4D1FBB9726E0A6CA00EB1864 /* LogoView.swift */,
				4D1FBB9D26E0B41400EB1864 /* ReelView.swift */,
				4D1FBB9F26E0BAE100EB1864 /* InfoView.swift */,
			);
			path = Views;
			sourceTree = "<group>";
		};
		4DD051D126DE1FF7006C0FA1 /* Helpers */ = {
			isa = PBXGroup;
			children = (
				4D1FBB9926E0A70400EB1864 /* Modifiers.swift */,
				4D1FBB9B26E0A99500EB1864 /* Extension.swift */,
			);
			name = Helpers;
			sourceTree = "<group>";
		};
/* End PBXGroup section */

/* Begin PBXNativeTarget section */
		4DD051AA26DE1352006C0FA1 /* Slot Machine */ = {
			isa = PBXNativeTarget;
			buildConfigurationList = 4DD051BA26DE1355006C0FA1 /* Build configuration list for PBXNativeTarget "Slot Machine" */;
			buildPhases = (
				4DD051A726DE1352006C0FA1 /* Sources */,
				4DD051A826DE1352006C0FA1 /* Frameworks */,
				4DD051A926DE1352006C0FA1 /* Resources */,
			);
			buildRules = (
			);
			dependencies = (
			);
			name = "Slot Machine";
			productName = "Slot Machine";
			productReference = 4DD051AB26DE1352006C0FA1 /* Slot Machine.app */;
			productType = "com.apple.product-type.application";
		};
/* End PBXNativeTarget section */

/* Begin PBXProject section */
		4DD051A326DE1352006C0FA1 /* Project object */ = {
			isa = PBXProject;
			attributes = {
				LastSwiftUpdateCheck = 1250;
				LastUpgradeCheck = 1250;
				TargetAttributes = {
					4DD051AA26DE1352006C0FA1 = {
						CreatedOnToolsVersion = 12.5.1;
					};
				};
			};
			buildConfigurationList = 4DD051A626DE1352006C0FA1 /* Build configuration list for PBXProject "Slot Machine" */;
			compatibilityVersion = "Xcode 9.3";
			developmentRegion = en;
			hasScannedForEncodings = 0;
			knownRegions = (
				en,
				Base,
			);
			mainGroup = 4DD051A226DE1352006C0FA1;
			productRefGroup = 4DD051AC26DE1352006C0FA1 /* Products */;
			projectDirPath = "";
			projectRoot = "";
			targets = (
				4DD051AA26DE1352006C0FA1 /* Slot Machine */,
			);
		};
/* End PBXProject section */

/* Begin PBXResourcesBuildPhase section */
		4DD051A926DE1352006C0FA1 /* Resources */ = {
			isa = PBXResourcesBuildPhase;
			buildActionMask = 2147483647;
			files = (
				4DD051CC26DE1FC6006C0FA1 /* background-music.mp3 in Resources */,
				4DD051C726DE1FC6006C0FA1 /* chimeup.mp3 in Resources */,
				4DD051B626DE1355006C0FA1 /* Preview Assets.xcassets in Resources */,
				4DD051B326DE1355006C0FA1 /* Assets.xcassets in Resources */,
				4DD051CB26DE1FC6006C0FA1 /* spin.mp3 in Resources */,
				4DD051CA26DE1FC6006C0FA1 /* win.mp3 in Resources */,
				4D1FBB9626E0A1F000EB1864 /* Launch Screen.storyboard in Resources */,
				4DD051CE26DE1FC6006C0FA1 /* game-over.mp3 in Resources */,
				4DD051C926DE1FC6006C0FA1 /* riseup.mp3 in Resources */,
				4DD051C826DE1FC6006C0FA1 /* casino-chips.mp3 in Resources */,
				4DD051CD26DE1FC6006C0FA1 /* high-score.mp3 in Resources */,
			);
			runOnlyForDeploymentPostprocessing = 0;
		};
/* End PBXResourcesBuildPhase section */

/* Begin PBXSourcesBuildPhase section */
		4DD051A726DE1352006C0FA1 /* Sources */ = {
			isa = PBXSourcesBuildPhase;
			buildActionMask = 2147483647;
			files = (
				4D1FBB9E26E0B41400EB1864 /* ReelView.swift in Sources */,
				4D1FBB9C26E0A99500EB1864 /* Extension.swift in Sources */,
				4D1FBB9A26E0A70400EB1864 /* Modifiers.swift in Sources */,
				4DD051B126DE1352006C0FA1 /* ContentView.swift in Sources */,
				4D1FBB9826E0A6CA00EB1864 /* LogoView.swift in Sources */,
				4DD051AF26DE1352006C0FA1 /* Slot_MachineApp.swift in Sources */,
				4D1FBBA026E0BAE100EB1864 /* InfoView.swift in Sources */,
			);
			runOnlyForDeploymentPostprocessing = 0;
		};
/* End PBXSourcesBuildPhase section */

/* Begin XCBuildConfiguration section */
		4DD051B826DE1355006C0FA1 /* Debug */ = {
			isa = XCBuildConfiguration;
			buildSettings = {
				ALWAYS_SEARCH_USER_PATHS = NO;
				CLANG_ANALYZER_NONNULL = YES;
				CLANG_ANALYZER_NUMBER_OBJECT_CONVERSION = YES_AGGRESSIVE;
				CLANG_CXX_LANGUAGE_STANDARD = "gnu++14";
				CLANG_CXX_LIBRARY = "libc++";
				CLANG_ENABLE_MODULES = YES;
				CLANG_ENABLE_OBJC_ARC = YES;
				CLANG_ENABLE_OBJC_WEAK = YES;
				CLANG_WARN_BLOCK_CAPTURE_AUTORELEASING = YES;
				CLANG_WARN_BOOL_CONVERSION = YES;
				CLANG_WARN_COMMA = YES;
				CLANG_WARN_CONSTANT_CONVERSION = YES;
				CLANG_WARN_DEPRECATED_OBJC_IMPLEMENTATIONS = YES;
				CLANG_WARN_DIRECT_OBJC_ISA_USAGE = YES_ERROR;
				CLANG_WARN_DOCUMENTATION_COMMENTS = YES;
				CLANG_WARN_EMPTY_BODY = YES;
				CLANG_WARN_ENUM_CONVERSION = YES;
				CLANG_WARN_INFINITE_RECURSION = YES;
				CLANG_WARN_INT_CONVERSION = YES;
				CLANG_WARN_NON_LITERAL_NULL_CONVERSION = YES;
				CLANG_WARN_OBJC_IMPLICIT_RETAIN_SELF = YES;
				CLANG_WARN_OBJC_LITERAL_CONVERSION = YES;
				CLANG_WARN_OBJC_ROOT_CLASS = YES_ERROR;
				CLANG_WARN_QUOTED_INCLUDE_IN_FRAMEWORK_HEADER = YES;
				CLANG_WARN_RANGE_LOOP_ANALYSIS = YES;
				CLANG_WARN_STRICT_PROTOTYPES = YES;
				CLANG_WARN_SUSPICIOUS_MOVE = YES;
				CLANG_WARN_UNGUARDED_AVAILABILITY = YES_AGGRESSIVE;
				CLANG_WARN_UNREACHABLE_CODE = YES;
				CLANG_WARN__DUPLICATE_METHOD_MATCH = YES;
				COPY_PHASE_STRIP = NO;
				DEBUG_INFORMATION_FORMAT = dwarf;
				ENABLE_STRICT_OBJC_MSGSEND = YES;
				ENABLE_TESTABILITY = YES;
				GCC_C_LANGUAGE_STANDARD = gnu11;
				GCC_DYNAMIC_NO_PIC = NO;
				GCC_NO_COMMON_BLOCKS = YES;
				GCC_OPTIMIZATION_LEVEL = 0;
				GCC_PREPROCESSOR_DEFINITIONS = (
					"DEBUG=1",
					"$(inherited)",
				);
				GCC_WARN_64_TO_32_BIT_CONVERSION = YES;
				GCC_WARN_ABOUT_RETURN_TYPE = YES_ERROR;
				GCC_WARN_UNDECLARED_SELECTOR = YES;
				GCC_WARN_UNINITIALIZED_AUTOS = YES_AGGRESSIVE;
				GCC_WARN_UNUSED_FUNCTION = YES;
				GCC_WARN_UNUSED_VARIABLE = YES;
				IPHONEOS_DEPLOYMENT_TARGET = 14.5;
				MTL_ENABLE_DEBUG_INFO = INCLUDE_SOURCE;
				MTL_FAST_MATH = YES;
				ONLY_ACTIVE_ARCH = YES;
				SDKROOT = iphoneos;
				SWIFT_ACTIVE_COMPILATION_CONDITIONS = DEBUG;
				SWIFT_OPTIMIZATION_LEVEL = "-Onone";
			};
			name = Debug;
		};
		4DD051B926DE1355006C0FA1 /* Release */ = {
			isa = XCBuildConfiguration;
			buildSettings = {
				ALWAYS_SEARCH_USER_PATHS = NO;
				CLANG_ANALYZER_NONNULL = YES;
				CLANG_ANALYZER_NUMBER_OBJECT_CONVERSION = YES_AGGRESSIVE;
				CLANG_CXX_LANGUAGE_STANDARD = "gnu++14";
				CLANG_CXX_LIBRARY = "libc++";
				CLANG_ENABLE_MODULES = YES;
				CLANG_ENABLE_OBJC_ARC = YES;
				CLANG_ENABLE_OBJC_WEAK = YES;
				CLANG_WARN_BLOCK_CAPTURE_AUTORELEASING = YES;
				CLANG_WARN_BOOL_CONVERSION = YES;
				CLANG_WARN_COMMA = YES;
				CLANG_WARN_CONSTANT_CONVERSION = YES;
				CLANG_WARN_DEPRECATED_OBJC_IMPLEMENTATIONS = YES;
				CLANG_WARN_DIRECT_OBJC_ISA_USAGE = YES_ERROR;
				CLANG_WARN_DOCUMENTATION_COMMENTS = YES;
				CLANG_WARN_EMPTY_BODY = YES;
				CLANG_WARN_ENUM_CONVERSION = YES;
				CLANG_WARN_INFINITE_RECURSION = YES;
				CLANG_WARN_INT_CONVERSION = YES;
				CLANG_WARN_NON_LITERAL_NULL_CONVERSION = YES;
				CLANG_WARN_OBJC_IMPLICIT_RETAIN_SELF = YES;
				CLANG_WARN_OBJC_LITERAL_CONVERSION = YES;
				CLANG_WARN_OBJC_ROOT_CLASS = YES_ERROR;
				CLANG_WARN_QUOTED_INCLUDE_IN_FRAMEWORK_HEADER = YES;
				CLANG_WARN_RANGE_LOOP_ANALYSIS = YES;
				CLANG_WARN_STRICT_PROTOTYPES = YES;
				CLANG_WARN_SUSPICIOUS_MOVE = YES;
				CLANG_WARN_UNGUARDED_AVAILABILITY = YES_AGGRESSIVE;
				CLANG_WARN_UNREACHABLE_CODE = YES;
				CLANG_WARN__DUPLICATE_METHOD_MATCH = YES;
				COPY_PHASE_STRIP = NO;
				DEBUG_INFORMATION_FORMAT = "dwarf-with-dsym";
				ENABLE_NS_ASSERTIONS = NO;
				ENABLE_STRICT_OBJC_MSGSEND = YES;
				GCC_C_LANGUAGE_STANDARD = gnu11;
				GCC_NO_COMMON_BLOCKS = YES;
				GCC_WARN_64_TO_32_BIT_CONVERSION = YES;
				GCC_WARN_ABOUT_RETURN_TYPE = YES_ERROR;
				GCC_WARN_UNDECLARED_SELECTOR = YES;
				GCC_WARN_UNINITIALIZED_AUTOS = YES_AGGRESSIVE;
				GCC_WARN_UNUSED_FUNCTION = YES;
				GCC_WARN_UNUSED_VARIABLE = YES;
				IPHONEOS_DEPLOYMENT_TARGET = 14.5;
				MTL_ENABLE_DEBUG_INFO = NO;
				MTL_FAST_MATH = YES;
				SDKROOT = iphoneos;
				SWIFT_COMPILATION_MODE = wholemodule;
				SWIFT_OPTIMIZATION_LEVEL = "-O";
				VALIDATE_PRODUCT = YES;
			};
			name = Release;
		};
		4DD051BB26DE1355006C0FA1 /* Debug */ = {
			isa = XCBuildConfiguration;
			buildSettings = {
				ASSETCATALOG_COMPILER_APPICON_NAME = AppIcon;
				ASSETCATALOG_COMPILER_GLOBAL_ACCENT_COLOR_NAME = AccentColor;
				CODE_SIGN_STYLE = Automatic;
				DEVELOPMENT_ASSET_PATHS = "\"Slot Machine/Preview Content\"";
				DEVELOPMENT_TEAM = UN3FPQY5P8;
				ENABLE_PREVIEWS = YES;
				INFOPLIST_FILE = "Slot Machine/Info.plist";
				IPHONEOS_DEPLOYMENT_TARGET = 14.0;
				LD_RUNPATH_SEARCH_PATHS = (
					"$(inherited)",
					"@executable_path/Frameworks",
				);
				PRODUCT_BUNDLE_IDENTIFIER = "com.zehus.Slot-Machine";
				PRODUCT_NAME = "$(TARGET_NAME)";
				SWIFT_VERSION = 5.0;
				TARGETED_DEVICE_FAMILY = "1,2";
			};
			name = Debug;
		};
		4DD051BC26DE1355006C0FA1 /* Release */ = {
			isa = XCBuildConfiguration;
			buildSettings = {
				ASSETCATALOG_COMPILER_APPICON_NAME = AppIcon;
				ASSETCATALOG_COMPILER_GLOBAL_ACCENT_COLOR_NAME = AccentColor;
				CODE_SIGN_STYLE = Automatic;
				DEVELOPMENT_ASSET_PATHS = "\"Slot Machine/Preview Content\"";
				DEVELOPMENT_TEAM = UN3FPQY5P8;
				ENABLE_PREVIEWS = YES;
				INFOPLIST_FILE = "Slot Machine/Info.plist";
				IPHONEOS_DEPLOYMENT_TARGET = 14.0;
				LD_RUNPATH_SEARCH_PATHS = (
					"$(inherited)",
					"@executable_path/Frameworks",
				);
				PRODUCT_BUNDLE_IDENTIFIER = "com.zehus.Slot-Machine";
				PRODUCT_NAME = "$(TARGET_NAME)";
				SWIFT_VERSION = 5.0;
				TARGETED_DEVICE_FAMILY = "1,2";
			};
			name = Release;
		};
/* End XCBuildConfiguration section */

/* Begin XCConfigurationList section */
		4DD051A626DE1352006C0FA1 /* Build configuration list for PBXProject "Slot Machine" */ = {
			isa = XCConfigurationList;
			buildConfigurations = (
				4DD051B826DE1355006C0FA1 /* Debug */,
				4DD051B926DE1355006C0FA1 /* Release */,
			);
			defaultConfigurationIsVisible = 0;
			defaultConfigurationName = Release;
		};
		4DD051BA26DE1355006C0FA1 /* Build configuration list for PBXNativeTarget "Slot Machine" */ = {
			isa = XCConfigurationList;
			buildConfigurations = (
				4DD051BB26DE1355006C0FA1 /* Debug */,
				4DD051BC26DE1355006C0FA1 /* Release */,
			);
			defaultConfigurationIsVisible = 0;
			defaultConfigurationName = Release;
		};
/* End XCConfigurationList section */
	};
	rootObject = 4DD051A326DE1352006C0FA1 /* Project object */;
}
